
Microsoft Visual Studio Solution File, Format Version 12.00
Project("{2150E333-8FDC-42A3-9474-1A3956D46DE8}") = "src", "src", "{DE6F7CB2-2E80-42B0-A213-A5FD679FFFED}"
EndProject
Project("{2150E333-8FDC-42A3-9474-1A3956D46DE8}") = "tests", "tests", "{D0738490-8BEA-42A9-8407-74B4D0BA1928}"
EndProject
Project("{2150E333-8FDC-42A3-9474-1A3956D46DE8}") = "Core", "Core", "{F00F01A6-A1AF-40F6-B863-13B96576BDBA}"
EndProject
Project("{2150E333-8FDC-42A3-9474-1A3956D46DE8}") = "Infrastructure", "Infrastructure", "{A9FBADC9-5991-4018-AE88-30BD5E332EF5}"
EndProject
Project("{2150E333-8FDC-42A3-9474-1A3956D46DE8}") = "Presentation", "Presentation", "{4D8B27C3-4991-4825-912B-AD876D2BEFA1}"
EndProject
Project("{2150E333-8FDC-42A3-9474-1A3956D46DE8}") = "SolutionItems", "SolutionItems", "{CB074B4F-8F16-4C43-A2E9-19111D905004}"
	ProjectSection(SolutionItems) = preProject
		docker-compose.yml = docker-compose.yml
	EndProjectSection
EndProject
Project("{FAE04EC0-301F-11D3-BF4B-00C04F79EFBC}") = "Application", "src\Application\Application.csproj", "{C13200BD-7030-46D3-B527-784B8D6229F1}"
EndProject
Project("{FAE04EC0-301F-11D3-BF4B-00C04F79EFBC}") = "Domain", "src\Domain\Domain.csproj", "{116E91E9-61B8-48B5-B2FF-E55B0D6D8252}"
EndProject
Project("{FAE04EC0-301F-11D3-BF4B-00C04F79EFBC}") = "Messaging", "src\Messaging\Messaging.csproj", "{823CA83A-C4D2-41E1-A3F0-2E27252859EF}"
EndProject
Project("{FAE04EC0-301F-11D3-BF4B-00C04F79EFBC}") = "Data", "src\Data\Data.csproj", "{0F6F4BA9-BA90-4467-B552-6453DCEFC7B0}"
EndProject
Project("{FAE04EC0-301F-11D3-BF4B-00C04F79EFBC}") = "WebApi", "src\WebApi\WebApi.csproj", "{2FC88D6A-FB72-4241-91E5-47055F76FA5F}"
EndProject
Project("{FAE04EC0-301F-11D3-BF4B-00C04F79EFBC}") = "UnitTests", "tests\UnitTests\UnitTests.csproj", "{CB850C0A-560F-408D-8F21-EDD449129308}"
EndProject
Global
	GlobalSection(SolutionConfigurationPlatforms) = preSolution
		Debug|Any CPU = Debug|Any CPU
		Release|Any CPU = Release|Any CPU
	EndGlobalSection
	GlobalSection(ProjectConfigurationPlatforms) = postSolution
		{C13200BD-7030-46D3-B527-784B8D6229F1}.Debug|Any CPU.ActiveCfg = Debug|Any CPU
		{C13200BD-7030-46D3-B527-784B8D6229F1}.Debug|Any CPU.Build.0 = Debug|Any CPU
		{C13200BD-7030-46D3-B527-784B8D6229F1}.Release|Any CPU.ActiveCfg = Release|Any CPU
		{C13200BD-7030-46D3-B527-784B8D6229F1}.Release|Any CPU.Build.0 = Release|Any CPU
		{116E91E9-61B8-48B5-B2FF-E55B0D6D8252}.Debug|Any CPU.ActiveCfg = Debug|Any CPU
		{116E91E9-61B8-48B5-B2FF-E55B0D6D8252}.Debug|Any CPU.Build.0 = Debug|Any CPU
		{116E91E9-61B8-48B5-B2FF-E55B0D6D8252}.Release|Any CPU.ActiveCfg = Release|Any CPU
		{116E91E9-61B8-48B5-B2FF-E55B0D6D8252}.Release|Any CPU.Build.0 = Release|Any CPU
		{823CA83A-C4D2-41E1-A3F0-2E27252859EF}.Debug|Any CPU.ActiveCfg = Debug|Any CPU
		{823CA83A-C4D2-41E1-A3F0-2E27252859EF}.Debug|Any CPU.Build.0 = Debug|Any CPU
		{823CA83A-C4D2-41E1-A3F0-2E27252859EF}.Release|Any CPU.ActiveCfg = Release|Any CPU
		{823CA83A-C4D2-41E1-A3F0-2E27252859EF}.Release|Any CPU.Build.0 = Release|Any CPU
		{0F6F4BA9-BA90-4467-B552-6453DCEFC7B0}.Debug|Any CPU.ActiveCfg = Debug|Any CPU
		{0F6F4BA9-BA90-4467-B552-6453DCEFC7B0}.Debug|Any CPU.Build.0 = Debug|Any CPU
		{0F6F4BA9-BA90-4467-B552-6453DCEFC7B0}.Release|Any CPU.ActiveCfg = Release|Any CPU
		{0F6F4BA9-BA90-4467-B552-6453DCEFC7B0}.Release|Any CPU.Build.0 = Release|Any CPU
		{2FC88D6A-FB72-4241-91E5-47055F76FA5F}.Debug|Any CPU.ActiveCfg = Debug|Any CPU
		{2FC88D6A-FB72-4241-91E5-47055F76FA5F}.Debug|Any CPU.Build.0 = Debug|Any CPU
		{2FC88D6A-FB72-4241-91E5-47055F76FA5F}.Release|Any CPU.ActiveCfg = Release|Any CPU
		{2FC88D6A-FB72-4241-91E5-47055F76FA5F}.Release|Any CPU.Build.0 = Release|Any CPU
		{CB850C0A-560F-408D-8F21-EDD449129308}.Debug|Any CPU.ActiveCfg = Debug|Any CPU
		{CB850C0A-560F-408D-8F21-EDD449129308}.Debug|Any CPU.Build.0 = Debug|Any CPU
		{CB850C0A-560F-408D-8F21-EDD449129308}.Release|Any CPU.ActiveCfg = Release|Any CPU
		{CB850C0A-560F-408D-8F21-EDD449129308}.Release|Any CPU.Build.0 = Release|Any CPU
	EndGlobalSection
	GlobalSection(NestedProjects) = preSolution
		{F00F01A6-A1AF-40F6-B863-13B96576BDBA} = {DE6F7CB2-2E80-42B0-A213-A5FD679FFFED}
		{A9FBADC9-5991-4018-AE88-30BD5E332EF5} = {DE6F7CB2-2E80-42B0-A213-A5FD679FFFED}
		{4D8B27C3-4991-4825-912B-AD876D2BEFA1} = {DE6F7CB2-2E80-42B0-A213-A5FD679FFFED}
		{C13200BD-7030-46D3-B527-784B8D6229F1} = {F00F01A6-A1AF-40F6-B863-13B96576BDBA}
		{116E91E9-61B8-48B5-B2FF-E55B0D6D8252} = {F00F01A6-A1AF-40F6-B863-13B96576BDBA}
		{823CA83A-C4D2-41E1-A3F0-2E27252859EF} = {A9FBADC9-5991-4018-AE88-30BD5E332EF5}
		{0F6F4BA9-BA90-4467-B552-6453DCEFC7B0} = {A9FBADC9-5991-4018-AE88-30BD5E332EF5}
		{2FC88D6A-FB72-4241-91E5-47055F76FA5F} = {4D8B27C3-4991-4825-912B-AD876D2BEFA1}
		{CB850C0A-560F-408D-8F21-EDD449129308} = {D0738490-8BEA-42A9-8407-74B4D0BA1928}
	EndGlobalSection
EndGlobal
